
Microsoft Visual Studio Solution File, Format Version 12.00
# Visual Studio 2012
Project("{FAE04EC0-301F-11D3-BF4B-00C04F79EFBC}") = "WebCalc", "WebCalc\WebCalc.csproj", "{2DB01D40-0D21-41A4-8B46-6DE20977D6E3}"
EndProject
Project("{FAE04EC0-301F-11D3-BF4B-00C04F79EFBC}") = "CalcCore", "..\Framework\CalcCore\CalcCore.csproj", "{A0D61499-D99A-4F86-A98E-3B6D7301EE98}"
EndProject
Global
	GlobalSection(SolutionConfigurationPlatforms) = preSolution
		Debug|Any CPU = Debug|Any CPU
		Release|Any CPU = Release|Any CPU
	EndGlobalSection
	GlobalSection(ProjectConfigurationPlatforms) = postSolution
		{2DB01D40-0D21-41A4-8B46-6DE20977D6E3}.Debug|Any CPU.ActiveCfg = Debug|Any CPU
		{2DB01D40-0D21-41A4-8B46-6DE20977D6E3}.Debug|Any CPU.Build.0 = Debug|Any CPU
		{2DB01D40-0D21-41A4-8B46-6DE20977D6E3}.Release|Any CPU.ActiveCfg = Release|Any CPU
		{2DB01D40-0D21-41A4-8B46-6DE20977D6E3}.Release|Any CPU.Build.0 = Release|Any CPU
		{A0D61499-D99A-4F86-A98E-3B6D7301EE98}.Debug|Any CPU.ActiveCfg = Debug|Any CPU
		{A0D61499-D99A-4F86-A98E-3B6D7301EE98}.Debug|Any CPU.Build.0 = Debug|Any CPU
		{A0D61499-D99A-4F86-A98E-3B6D7301EE98}.Release|Any CPU.ActiveCfg = Release|Any CPU
		{A0D61499-D99A-4F86-A98E-3B6D7301EE98}.Release|Any CPU.Build.0 = Release|Any CPU
	EndGlobalSection
	GlobalSection(SolutionProperties) = preSolution
		HideSolutionNode = FALSE
	EndGlobalSection
EndGlobal
